// !$*UTF8*$!
{
	archiveVersion = 1;
	classes = {
	};
	objectVersion = 46;
	objects = {

/* Begin PBXBuildFile section */
		13983A291B6B261500D44BF0 /* main.m in Sources */ = {isa = PBXBuildFile; fileRef = 13983A281B6B261500D44BF0 /* main.m */; };
		13983A2C1B6B261500D44BF0 /* AppDelegate.m in Sources */ = {isa = PBXBuildFile; fileRef = 13983A2B1B6B261500D44BF0 /* AppDelegate.m */; };
		13983A321B6B261500D44BF0 /* Main.storyboard in Resources */ = {isa = PBXBuildFile; fileRef = 13983A301B6B261500D44BF0 /* Main.storyboard */; };
		13983A341B6B261500D44BF0 /* Images.xcassets in Resources */ = {isa = PBXBuildFile; fileRef = 13983A331B6B261500D44BF0 /* Images.xcassets */; };
		13983A371B6B261500D44BF0 /* LaunchScreen.xib in Resources */ = {isa = PBXBuildFile; fileRef = 13983A351B6B261500D44BF0 /* LaunchScreen.xib */; };
		13983A431B6B261500D44BF0 /* QianShouBangTests.m in Sources */ = {isa = PBXBuildFile; fileRef = 13983A421B6B261500D44BF0 /* QianShouBangTests.m */; };
		13983A551B6B3A7300D44BF0 /* ProgressHUD.bundle in Resources */ = {isa = PBXBuildFile; fileRef = 13983A521B6B3A7300D44BF0 /* ProgressHUD.bundle */; };
		13983A561B6B3A7300D44BF0 /* ProgressHUD.m in Sources */ = {isa = PBXBuildFile; fileRef = 13983A541B6B3A7300D44BF0 /* ProgressHUD.m */; };
		13983A5A1B6B3ABF00D44BF0 /* BaseViewController.m in Sources */ = {isa = PBXBuildFile; fileRef = 13983A591B6B3ABF00D44BF0 /* BaseViewController.m */; };
		13983A5E1B6B3AE600D44BF0 /* BaseTableViewController.m in Sources */ = {isa = PBXBuildFile; fileRef = 13983A5D1B6B3AE600D44BF0 /* BaseTableViewController.m */; };
		13983AD11B6B478000D44BF0 /* MJRefresh.bundle in Resources */ = {isa = PBXBuildFile; fileRef = 13983AB91B6B478000D44BF0 /* MJRefresh.bundle */; };
		13983AD21B6B478000D44BF0 /* MJRefreshComponent.m in Sources */ = {isa = PBXBuildFile; fileRef = 13983ABC1B6B478000D44BF0 /* MJRefreshComponent.m */; };
		13983AD31B6B478000D44BF0 /* MJRefreshConst.m in Sources */ = {isa = PBXBuildFile; fileRef = 13983ABE1B6B478000D44BF0 /* MJRefreshConst.m */; };
		13983AD41B6B478000D44BF0 /* MJRefreshFooter.m in Sources */ = {isa = PBXBuildFile; fileRef = 13983AC01B6B478000D44BF0 /* MJRefreshFooter.m */; };
		13983AD51B6B478000D44BF0 /* MJRefreshGifFooter.m in Sources */ = {isa = PBXBuildFile; fileRef = 13983AC21B6B478000D44BF0 /* MJRefreshGifFooter.m */; };
		13983AD61B6B478000D44BF0 /* MJRefreshGifHeader.m in Sources */ = {isa = PBXBuildFile; fileRef = 13983AC41B6B478000D44BF0 /* MJRefreshGifHeader.m */; };
		13983AD71B6B478000D44BF0 /* MJRefreshHeader.m in Sources */ = {isa = PBXBuildFile; fileRef = 13983AC61B6B478000D44BF0 /* MJRefreshHeader.m */; };
		13983AD81B6B478000D44BF0 /* MJRefreshLegendFooter.m in Sources */ = {isa = PBXBuildFile; fileRef = 13983AC81B6B478000D44BF0 /* MJRefreshLegendFooter.m */; };
		13983AD91B6B478000D44BF0 /* MJRefreshLegendHeader.m in Sources */ = {isa = PBXBuildFile; fileRef = 13983ACA1B6B478000D44BF0 /* MJRefreshLegendHeader.m */; };
		13983ADA1B6B478000D44BF0 /* UIScrollView+MJExtension.m in Sources */ = {isa = PBXBuildFile; fileRef = 13983ACC1B6B478000D44BF0 /* UIScrollView+MJExtension.m */; };
		13983ADB1B6B478000D44BF0 /* UIScrollView+MJRefresh.m in Sources */ = {isa = PBXBuildFile; fileRef = 13983ACE1B6B478000D44BF0 /* UIScrollView+MJRefresh.m */; };
		13983ADC1B6B478000D44BF0 /* UIView+MJExtension.m in Sources */ = {isa = PBXBuildFile; fileRef = 13983AD01B6B478000D44BF0 /* UIView+MJExtension.m */; };
		13983AE41B6B513A00D44BF0 /* CatchOrderTVC.m in Sources */ = {isa = PBXBuildFile; fileRef = 13983AE31B6B513A00D44BF0 /* CatchOrderTVC.m */; };
		13983AEC1B6B5A4400D44BF0 /* RequestCenter.m in Sources */ = {isa = PBXBuildFile; fileRef = 13983AEB1B6B5A4400D44BF0 /* RequestCenter.m */; };
		13983B011B6B5A6000D44BF0 /* AFHTTPRequestOperation.m in Sources */ = {isa = PBXBuildFile; fileRef = 13983AEF1B6B5A6000D44BF0 /* AFHTTPRequestOperation.m */; };
		13983B021B6B5A6000D44BF0 /* AFHTTPRequestOperationManager.m in Sources */ = {isa = PBXBuildFile; fileRef = 13983AF11B6B5A6000D44BF0 /* AFHTTPRequestOperationManager.m */; };
		13983B031B6B5A6000D44BF0 /* AFHTTPSessionManager.m in Sources */ = {isa = PBXBuildFile; fileRef = 13983AF31B6B5A6000D44BF0 /* AFHTTPSessionManager.m */; };
		13983B041B6B5A6000D44BF0 /* AFNetworkReachabilityManager.m in Sources */ = {isa = PBXBuildFile; fileRef = 13983AF61B6B5A6000D44BF0 /* AFNetworkReachabilityManager.m */; };
		13983B051B6B5A6000D44BF0 /* AFSecurityPolicy.m in Sources */ = {isa = PBXBuildFile; fileRef = 13983AF81B6B5A6000D44BF0 /* AFSecurityPolicy.m */; };
		13983B061B6B5A6000D44BF0 /* AFURLConnectionOperation.m in Sources */ = {isa = PBXBuildFile; fileRef = 13983AFA1B6B5A6000D44BF0 /* AFURLConnectionOperation.m */; };
		13983B071B6B5A6000D44BF0 /* AFURLRequestSerialization.m in Sources */ = {isa = PBXBuildFile; fileRef = 13983AFC1B6B5A6000D44BF0 /* AFURLRequestSerialization.m */; };
		13983B081B6B5A6000D44BF0 /* AFURLResponseSerialization.m in Sources */ = {isa = PBXBuildFile; fileRef = 13983AFE1B6B5A6000D44BF0 /* AFURLResponseSerialization.m */; };
		13983B091B6B5A6000D44BF0 /* AFURLSessionManager.m in Sources */ = {isa = PBXBuildFile; fileRef = 13983B001B6B5A6000D44BF0 /* AFURLSessionManager.m */; };
		13983B0B1B6B5B8A00D44BF0 /* BmobSDK.framework in Frameworks */ = {isa = PBXBuildFile; fileRef = 13983B0A1B6B5B8A00D44BF0 /* BmobSDK.framework */; };
		13983B0D1B6B5B9D00D44BF0 /* BmobIM.framework in Frameworks */ = {isa = PBXBuildFile; fileRef = 13983B0C1B6B5B9D00D44BF0 /* BmobIM.framework */; };
		13983B101B6B5BDF00D44BF0 /* AlipaySDK.bundle in Resources */ = {isa = PBXBuildFile; fileRef = 13983B0F1B6B5BDF00D44BF0 /* AlipaySDK.bundle */; };
		13983B121B6B5BE400D44BF0 /* AlipaySDK.framework in Frameworks */ = {isa = PBXBuildFile; fileRef = 13983B111B6B5BE400D44BF0 /* AlipaySDK.framework */; };
		13983B141B6B5BE800D44BF0 /* BmobPay.framework in Frameworks */ = {isa = PBXBuildFile; fileRef = 13983B131B6B5BE800D44BF0 /* BmobPay.framework */; };
		13983B161B6B5FF200D44BF0 /* CoreLocation.framework in Frameworks */ = {isa = PBXBuildFile; fileRef = 13983B151B6B5FF200D44BF0 /* CoreLocation.framework */; };
		13983B181B6B5FF800D44BF0 /* Security.framework in Frameworks */ = {isa = PBXBuildFile; fileRef = 13983B171B6B5FF800D44BF0 /* Security.framework */; };
		13983B1A1B6B600000D44BF0 /* CoreGraphics.framework in Frameworks */ = {isa = PBXBuildFile; fileRef = 13983B191B6B600000D44BF0 /* CoreGraphics.framework */; };
		13983B1C1B6B600600D44BF0 /* MobileCoreServices.framework in Frameworks */ = {isa = PBXBuildFile; fileRef = 13983B1B1B6B600600D44BF0 /* MobileCoreServices.framework */; };
		13983B1E1B6B600D00D44BF0 /* CFNetwork.framework in Frameworks */ = {isa = PBXBuildFile; fileRef = 13983B1D1B6B600D00D44BF0 /* CFNetwork.framework */; };
		13983B201B6B601500D44BF0 /* CoreTelephony.framework in Frameworks */ = {isa = PBXBuildFile; fileRef = 13983B1F1B6B601500D44BF0 /* CoreTelephony.framework */; };
		13983B221B6B601C00D44BF0 /* SystemConfiguration.framework in Frameworks */ = {isa = PBXBuildFile; fileRef = 13983B211B6B601C00D44BF0 /* SystemConfiguration.framework */; };
		13983B241B6B602A00D44BF0 /* libz.1.2.5.dylib in Frameworks */ = {isa = PBXBuildFile; fileRef = 13983B231B6B602A00D44BF0 /* libz.1.2.5.dylib */; };
		13983B261B6B603200D44BF0 /* libicucore.dylib in Frameworks */ = {isa = PBXBuildFile; fileRef = 13983B251B6B603200D44BF0 /* libicucore.dylib */; };
		13983B281B6B603A00D44BF0 /* libsqlite3.dylib in Frameworks */ = {isa = PBXBuildFile; fileRef = 13983B271B6B603A00D44BF0 /* libsqlite3.dylib */; };
		13983B2A1B6B604000D44BF0 /* AVFoundation.framework in Frameworks */ = {isa = PBXBuildFile; fileRef = 13983B291B6B604000D44BF0 /* AVFoundation.framework */; };
		13983B2C1B6B604600D44BF0 /* MediaPlayer.framework in Frameworks */ = {isa = PBXBuildFile; fileRef = 13983B2B1B6B604600D44BF0 /* MediaPlayer.framework */; };
/* End PBXBuildFile section */

/* Begin PBXContainerItemProxy section */
		13983A3D1B6B261500D44BF0 /* PBXContainerItemProxy */ = {
			isa = PBXContainerItemProxy;
			containerPortal = 13983A1B1B6B261500D44BF0 /* Project object */;
			proxyType = 1;
			remoteGlobalIDString = 13983A221B6B261500D44BF0;
			remoteInfo = QianShouBang;
		};
/* End PBXContainerItemProxy section */

/* Begin PBXFileReference section */
		13983A231B6B261500D44BF0 /* QianShouBang.app */ = {isa = PBXFileReference; explicitFileType = wrapper.application; includeInIndex = 0; path = QianShouBang.app; sourceTree = BUILT_PRODUCTS_DIR; };
		13983A271B6B261500D44BF0 /* Info.plist */ = {isa = PBXFileReference; lastKnownFileType = text.plist.xml; path = Info.plist; sourceTree = "<group>"; };
		13983A281B6B261500D44BF0 /* main.m */ = {isa = PBXFileReference; lastKnownFileType = sourcecode.c.objc; path = main.m; sourceTree = "<group>"; };
		13983A2A1B6B261500D44BF0 /* AppDelegate.h */ = {isa = PBXFileReference; lastKnownFileType = sourcecode.c.h; path = AppDelegate.h; sourceTree = "<group>"; };
		13983A2B1B6B261500D44BF0 /* AppDelegate.m */ = {isa = PBXFileReference; lastKnownFileType = sourcecode.c.objc; path = AppDelegate.m; sourceTree = "<group>"; };
		13983A311B6B261500D44BF0 /* Base */ = {isa = PBXFileReference; lastKnownFileType = file.storyboard; name = Base; path = Base.lproj/Main.storyboard; sourceTree = "<group>"; };
		13983A331B6B261500D44BF0 /* Images.xcassets */ = {isa = PBXFileReference; lastKnownFileType = folder.assetcatalog; path = Images.xcassets; sourceTree = "<group>"; };
		13983A361B6B261500D44BF0 /* Base */ = {isa = PBXFileReference; lastKnownFileType = file.xib; name = Base; path = Base.lproj/LaunchScreen.xib; sourceTree = "<group>"; };
		13983A3C1B6B261500D44BF0 /* QianShouBangTests.xctest */ = {isa = PBXFileReference; explicitFileType = wrapper.cfbundle; includeInIndex = 0; path = QianShouBangTests.xctest; sourceTree = BUILT_PRODUCTS_DIR; };
		13983A411B6B261500D44BF0 /* Info.plist */ = {isa = PBXFileReference; lastKnownFileType = text.plist.xml; path = Info.plist; sourceTree = "<group>"; };
		13983A421B6B261500D44BF0 /* QianShouBangTests.m */ = {isa = PBXFileReference; lastKnownFileType = sourcecode.c.objc; path = QianShouBangTests.m; sourceTree = "<group>"; };
		13983A521B6B3A7300D44BF0 /* ProgressHUD.bundle */ = {isa = PBXFileReference; lastKnownFileType = "wrapper.plug-in"; path = ProgressHUD.bundle; sourceTree = "<group>"; };
		13983A531B6B3A7300D44BF0 /* ProgressHUD.h */ = {isa = PBXFileReference; fileEncoding = 4; lastKnownFileType = sourcecode.c.h; path = ProgressHUD.h; sourceTree = "<group>"; };
		13983A541B6B3A7300D44BF0 /* ProgressHUD.m */ = {isa = PBXFileReference; fileEncoding = 4; lastKnownFileType = sourcecode.c.objc; path = ProgressHUD.m; sourceTree = "<group>"; };
		13983A581B6B3ABF00D44BF0 /* BaseViewController.h */ = {isa = PBXFileReference; fileEncoding = 4; lastKnownFileType = sourcecode.c.h; path = BaseViewController.h; sourceTree = "<group>"; };
		13983A591B6B3ABF00D44BF0 /* BaseViewController.m */ = {isa = PBXFileReference; fileEncoding = 4; lastKnownFileType = sourcecode.c.objc; path = BaseViewController.m; sourceTree = "<group>"; };
		13983A5C1B6B3AE600D44BF0 /* BaseTableViewController.h */ = {isa = PBXFileReference; fileEncoding = 4; lastKnownFileType = sourcecode.c.h; path = BaseTableViewController.h; sourceTree = "<group>"; };
		13983A5D1B6B3AE600D44BF0 /* BaseTableViewController.m */ = {isa = PBXFileReference; fileEncoding = 4; lastKnownFileType = sourcecode.c.objc; path = BaseTableViewController.m; sourceTree = "<group>"; };
		13983AB91B6B478000D44BF0 /* MJRefresh.bundle */ = {isa = PBXFileReference; lastKnownFileType = "wrapper.plug-in"; path = MJRefresh.bundle; sourceTree = "<group>"; };
		13983ABA1B6B478000D44BF0 /* MJRefresh.h */ = {isa = PBXFileReference; fileEncoding = 4; lastKnownFileType = sourcecode.c.h; path = MJRefresh.h; sourceTree = "<group>"; };
		13983ABB1B6B478000D44BF0 /* MJRefreshComponent.h */ = {isa = PBXFileReference; fileEncoding = 4; lastKnownFileType = sourcecode.c.h; path = MJRefreshComponent.h; sourceTree = "<group>"; };
		13983ABC1B6B478000D44BF0 /* MJRefreshComponent.m */ = {isa = PBXFileReference; fileEncoding = 4; lastKnownFileType = sourcecode.c.objc; path = MJRefreshComponent.m; sourceTree = "<group>"; };
		13983ABD1B6B478000D44BF0 /* MJRefreshConst.h */ = {isa = PBXFileReference; fileEncoding = 4; lastKnownFileType = sourcecode.c.h; path = MJRefreshConst.h; sourceTree = "<group>"; };
		13983ABE1B6B478000D44BF0 /* MJRefreshConst.m */ = {isa = PBXFileReference; fileEncoding = 4; lastKnownFileType = sourcecode.c.objc; path = MJRefreshConst.m; sourceTree = "<group>"; };
		13983ABF1B6B478000D44BF0 /* MJRefreshFooter.h */ = {isa = PBXFileReference; fileEncoding = 4; lastKnownFileType = sourcecode.c.h; path = MJRefreshFooter.h; sourceTree = "<group>"; };
		13983AC01B6B478000D44BF0 /* MJRefreshFooter.m */ = {isa = PBXFileReference; fileEncoding = 4; lastKnownFileType = sourcecode.c.objc; path = MJRefreshFooter.m; sourceTree = "<group>"; };
		13983AC11B6B478000D44BF0 /* MJRefreshGifFooter.h */ = {isa = PBXFileReference; fileEncoding = 4; lastKnownFileType = sourcecode.c.h; path = MJRefreshGifFooter.h; sourceTree = "<group>"; };
		13983AC21B6B478000D44BF0 /* MJRefreshGifFooter.m */ = {isa = PBXFileReference; fileEncoding = 4; lastKnownFileType = sourcecode.c.objc; path = MJRefreshGifFooter.m; sourceTree = "<group>"; };
		13983AC31B6B478000D44BF0 /* MJRefreshGifHeader.h */ = {isa = PBXFileReference; fileEncoding = 4; lastKnownFileType = sourcecode.c.h; path = MJRefreshGifHeader.h; sourceTree = "<group>"; };
		13983AC41B6B478000D44BF0 /* MJRefreshGifHeader.m */ = {isa = PBXFileReference; fileEncoding = 4; lastKnownFileType = sourcecode.c.objc; path = MJRefreshGifHeader.m; sourceTree = "<group>"; };
		13983AC51B6B478000D44BF0 /* MJRefreshHeader.h */ = {isa = PBXFileReference; fileEncoding = 4; lastKnownFileType = sourcecode.c.h; path = MJRefreshHeader.h; sourceTree = "<group>"; };
		13983AC61B6B478000D44BF0 /* MJRefreshHeader.m */ = {isa = PBXFileReference; fileEncoding = 4; lastKnownFileType = sourcecode.c.objc; path = MJRefreshHeader.m; sourceTree = "<group>"; };
		13983AC71B6B478000D44BF0 /* MJRefreshLegendFooter.h */ = {isa = PBXFileReference; fileEncoding = 4; lastKnownFileType = sourcecode.c.h; path = MJRefreshLegendFooter.h; sourceTree = "<group>"; };
		13983AC81B6B478000D44BF0 /* MJRefreshLegendFooter.m */ = {isa = PBXFileReference; fileEncoding = 4; lastKnownFileType = sourcecode.c.objc; path = MJRefreshLegendFooter.m; sourceTree = "<group>"; };
		13983AC91B6B478000D44BF0 /* MJRefreshLegendHeader.h */ = {isa = PBXFileReference; fileEncoding = 4; lastKnownFileType = sourcecode.c.h; path = MJRefreshLegendHeader.h; sourceTree = "<group>"; };
		13983ACA1B6B478000D44BF0 /* MJRefreshLegendHeader.m */ = {isa = PBXFileReference; fileEncoding = 4; lastKnownFileType = sourcecode.c.objc; path = MJRefreshLegendHeader.m; sourceTree = "<group>"; };
		13983ACB1B6B478000D44BF0 /* UIScrollView+MJExtension.h */ = {isa = PBXFileReference; fileEncoding = 4; lastKnownFileType = sourcecode.c.h; path = "UIScrollView+MJExtension.h"; sourceTree = "<group>"; };
		13983ACC1B6B478000D44BF0 /* UIScrollView+MJExtension.m */ = {isa = PBXFileReference; fileEncoding = 4; lastKnownFileType = sourcecode.c.objc; path = "UIScrollView+MJExtension.m"; sourceTree = "<group>"; };
		13983ACD1B6B478000D44BF0 /* UIScrollView+MJRefresh.h */ = {isa = PBXFileReference; fileEncoding = 4; lastKnownFileType = sourcecode.c.h; path = "UIScrollView+MJRefresh.h"; sourceTree = "<group>"; };
		13983ACE1B6B478000D44BF0 /* UIScrollView+MJRefresh.m */ = {isa = PBXFileReference; fileEncoding = 4; lastKnownFileType = sourcecode.c.objc; path = "UIScrollView+MJRefresh.m"; sourceTree = "<group>"; };
		13983ACF1B6B478000D44BF0 /* UIView+MJExtension.h */ = {isa = PBXFileReference; fileEncoding = 4; lastKnownFileType = sourcecode.c.h; path = "UIView+MJExtension.h"; sourceTree = "<group>"; };
		13983AD01B6B478000D44BF0 /* UIView+MJExtension.m */ = {isa = PBXFileReference; fileEncoding = 4; lastKnownFileType = sourcecode.c.objc; path = "UIView+MJExtension.m"; sourceTree = "<group>"; };
		13983AE21B6B513A00D44BF0 /* CatchOrderTVC.h */ = {isa = PBXFileReference; fileEncoding = 4; lastKnownFileType = sourcecode.c.h; path = CatchOrderTVC.h; sourceTree = "<group>"; };
		13983AE31B6B513A00D44BF0 /* CatchOrderTVC.m */ = {isa = PBXFileReference; fileEncoding = 4; lastKnownFileType = sourcecode.c.objc; path = CatchOrderTVC.m; sourceTree = "<group>"; };
		13983AE61B6B51BD00D44BF0 /* Constants.h */ = {isa = PBXFileReference; fileEncoding = 4; lastKnownFileType = sourcecode.c.h; path = Constants.h; sourceTree = "<group>"; };
		13983AEA1B6B5A4400D44BF0 /* RequestCenter.h */ = {isa = PBXFileReference; fileEncoding = 4; lastKnownFileType = sourcecode.c.h; path = RequestCenter.h; sourceTree = "<group>"; };
		13983AEB1B6B5A4400D44BF0 /* RequestCenter.m */ = {isa = PBXFileReference; fileEncoding = 4; lastKnownFileType = sourcecode.c.objc; path = RequestCenter.m; sourceTree = "<group>"; };
		13983AEE1B6B5A6000D44BF0 /* AFHTTPRequestOperation.h */ = {isa = PBXFileReference; fileEncoding = 4; lastKnownFileType = sourcecode.c.h; path = AFHTTPRequestOperation.h; sourceTree = "<group>"; };
		13983AEF1B6B5A6000D44BF0 /* AFHTTPRequestOperation.m */ = {isa = PBXFileReference; fileEncoding = 4; lastKnownFileType = sourcecode.c.objc; path = AFHTTPRequestOperation.m; sourceTree = "<group>"; };
		13983AF01B6B5A6000D44BF0 /* AFHTTPRequestOperationManager.h */ = {isa = PBXFileReference; fileEncoding = 4; lastKnownFileType = sourcecode.c.h; path = AFHTTPRequestOperationManager.h; sourceTree = "<group>"; };
		13983AF11B6B5A6000D44BF0 /* AFHTTPRequestOperationManager.m */ = {isa = PBXFileReference; fileEncoding = 4; lastKnownFileType = sourcecode.c.objc; path = AFHTTPRequestOperationManager.m; sourceTree = "<group>"; };
		13983AF21B6B5A6000D44BF0 /* AFHTTPSessionManager.h */ = {isa = PBXFileReference; fileEncoding = 4; lastKnownFileType = sourcecode.c.h; path = AFHTTPSessionManager.h; sourceTree = "<group>"; };
		13983AF31B6B5A6000D44BF0 /* AFHTTPSessionManager.m */ = {isa = PBXFileReference; fileEncoding = 4; lastKnownFileType = sourcecode.c.objc; path = AFHTTPSessionManager.m; sourceTree = "<group>"; };
		13983AF41B6B5A6000D44BF0 /* AFNetworking.h */ = {isa = PBXFileReference; fileEncoding = 4; lastKnownFileType = sourcecode.c.h; path = AFNetworking.h; sourceTree = "<group>"; };
		13983AF51B6B5A6000D44BF0 /* AFNetworkReachabilityManager.h */ = {isa = PBXFileReference; fileEncoding = 4; lastKnownFileType = sourcecode.c.h; path = AFNetworkReachabilityManager.h; sourceTree = "<group>"; };
		13983AF61B6B5A6000D44BF0 /* AFNetworkReachabilityManager.m */ = {isa = PBXFileReference; fileEncoding = 4; lastKnownFileType = sourcecode.c.objc; path = AFNetworkReachabilityManager.m; sourceTree = "<group>"; };
		13983AF71B6B5A6000D44BF0 /* AFSecurityPolicy.h */ = {isa = PBXFileReference; fileEncoding = 4; lastKnownFileType = sourcecode.c.h; path = AFSecurityPolicy.h; sourceTree = "<group>"; };
		13983AF81B6B5A6000D44BF0 /* AFSecurityPolicy.m */ = {isa = PBXFileReference; fileEncoding = 4; lastKnownFileType = sourcecode.c.objc; path = AFSecurityPolicy.m; sourceTree = "<group>"; };
		13983AF91B6B5A6000D44BF0 /* AFURLConnectionOperation.h */ = {isa = PBXFileReference; fileEncoding = 4; lastKnownFileType = sourcecode.c.h; path = AFURLConnectionOperation.h; sourceTree = "<group>"; };
		13983AFA1B6B5A6000D44BF0 /* AFURLConnectionOperation.m */ = {isa = PBXFileReference; fileEncoding = 4; lastKnownFileType = sourcecode.c.objc; path = AFURLConnectionOperation.m; sourceTree = "<group>"; };
		13983AFB1B6B5A6000D44BF0 /* AFURLRequestSerialization.h */ = {isa = PBXFileReference; fileEncoding = 4; lastKnownFileType = sourcecode.c.h; path = AFURLRequestSerialization.h; sourceTree = "<group>"; };
		13983AFC1B6B5A6000D44BF0 /* AFURLRequestSerialization.m */ = {isa = PBXFileReference; fileEncoding = 4; lastKnownFileType = sourcecode.c.objc; path = AFURLRequestSerialization.m; sourceTree = "<group>"; };
		13983AFD1B6B5A6000D44BF0 /* AFURLResponseSerialization.h */ = {isa = PBXFileReference; fileEncoding = 4; lastKnownFileType = sourcecode.c.h; path = AFURLResponseSerialization.h; sourceTree = "<group>"; };
		13983AFE1B6B5A6000D44BF0 /* AFURLResponseSerialization.m */ = {isa = PBXFileReference; fileEncoding = 4; lastKnownFileType = sourcecode.c.objc; path = AFURLResponseSerialization.m; sourceTree = "<group>"; };
		13983AFF1B6B5A6000D44BF0 /* AFURLSessionManager.h */ = {isa = PBXFileReference; fileEncoding = 4; lastKnownFileType = sourcecode.c.h; path = AFURLSessionManager.h; sourceTree = "<group>"; };
		13983B001B6B5A6000D44BF0 /* AFURLSessionManager.m */ = {isa = PBXFileReference; fileEncoding = 4; lastKnownFileType = sourcecode.c.objc; path = AFURLSessionManager.m; sourceTree = "<group>"; };
		13983B0A1B6B5B8A00D44BF0 /* BmobSDK.framework */ = {isa = PBXFileReference; lastKnownFileType = wrapper.framework; path = BmobSDK.framework; sourceTree = "<group>"; };
		13983B0C1B6B5B9D00D44BF0 /* BmobIM.framework */ = {isa = PBXFileReference; lastKnownFileType = wrapper.framework; path = BmobIM.framework; sourceTree = "<group>"; };
		13983B0F1B6B5BDF00D44BF0 /* AlipaySDK.bundle */ = {isa = PBXFileReference; lastKnownFileType = "wrapper.plug-in"; path = AlipaySDK.bundle; sourceTree = "<group>"; };
		13983B111B6B5BE400D44BF0 /* AlipaySDK.framework */ = {isa = PBXFileReference; lastKnownFileType = wrapper.framework; path = AlipaySDK.framework; sourceTree = "<group>"; };
		13983B131B6B5BE800D44BF0 /* BmobPay.framework */ = {isa = PBXFileReference; lastKnownFileType = wrapper.framework; path = BmobPay.framework; sourceTree = "<group>"; };
		13983B151B6B5FF200D44BF0 /* CoreLocation.framework */ = {isa = PBXFileReference; lastKnownFileType = wrapper.framework; name = CoreLocation.framework; path = System/Library/Frameworks/CoreLocation.framework; sourceTree = SDKROOT; };
		13983B171B6B5FF800D44BF0 /* Security.framework */ = {isa = PBXFileReference; lastKnownFileType = wrapper.framework; name = Security.framework; path = System/Library/Frameworks/Security.framework; sourceTree = SDKROOT; };
		13983B191B6B600000D44BF0 /* CoreGraphics.framework */ = {isa = PBXFileReference; lastKnownFileType = wrapper.framework; name = CoreGraphics.framework; path = System/Library/Frameworks/CoreGraphics.framework; sourceTree = SDKROOT; };
		13983B1B1B6B600600D44BF0 /* MobileCoreServices.framework */ = {isa = PBXFileReference; lastKnownFileType = wrapper.framework; name = MobileCoreServices.framework; path = System/Library/Frameworks/MobileCoreServices.framework; sourceTree = SDKROOT; };
		13983B1D1B6B600D00D44BF0 /* CFNetwork.framework */ = {isa = PBXFileReference; lastKnownFileType = wrapper.framework; name = CFNetwork.framework; path = System/Library/Frameworks/CFNetwork.framework; sourceTree = SDKROOT; };
		13983B1F1B6B601500D44BF0 /* CoreTelephony.framework */ = {isa = PBXFileReference; lastKnownFileType = wrapper.framework; name = CoreTelephony.framework; path = System/Library/Frameworks/CoreTelephony.framework; sourceTree = SDKROOT; };
		13983B211B6B601C00D44BF0 /* SystemConfiguration.framework */ = {isa = PBXFileReference; lastKnownFileType = wrapper.framework; name = SystemConfiguration.framework; path = System/Library/Frameworks/SystemConfiguration.framework; sourceTree = SDKROOT; };
		13983B231B6B602A00D44BF0 /* libz.1.2.5.dylib */ = {isa = PBXFileReference; lastKnownFileType = "compiled.mach-o.dylib"; name = libz.1.2.5.dylib; path = usr/lib/libz.1.2.5.dylib; sourceTree = SDKROOT; };
		13983B251B6B603200D44BF0 /* libicucore.dylib */ = {isa = PBXFileReference; lastKnownFileType = "compiled.mach-o.dylib"; name = libicucore.dylib; path = usr/lib/libicucore.dylib; sourceTree = SDKROOT; };
		13983B271B6B603A00D44BF0 /* libsqlite3.dylib */ = {isa = PBXFileReference; lastKnownFileType = "compiled.mach-o.dylib"; name = libsqlite3.dylib; path = usr/lib/libsqlite3.dylib; sourceTree = SDKROOT; };
		13983B291B6B604000D44BF0 /* AVFoundation.framework */ = {isa = PBXFileReference; lastKnownFileType = wrapper.framework; name = AVFoundation.framework; path = System/Library/Frameworks/AVFoundation.framework; sourceTree = SDKROOT; };
		13983B2B1B6B604600D44BF0 /* MediaPlayer.framework */ = {isa = PBXFileReference; lastKnownFileType = wrapper.framework; name = MediaPlayer.framework; path = System/Library/Frameworks/MediaPlayer.framework; sourceTree = SDKROOT; };
/* End PBXFileReference section */

/* Begin PBXFrameworksBuildPhase section */
		13983A201B6B261500D44BF0 /* Frameworks */ = {
			isa = PBXFrameworksBuildPhase;
			buildActionMask = 2147483647;
			files = (
				13983B2C1B6B604600D44BF0 /* MediaPlayer.framework in Frameworks */,
				13983B2A1B6B604000D44BF0 /* AVFoundation.framework in Frameworks */,
				13983B281B6B603A00D44BF0 /* libsqlite3.dylib in Frameworks */,
				13983B261B6B603200D44BF0 /* libicucore.dylib in Frameworks */,
				13983B241B6B602A00D44BF0 /* libz.1.2.5.dylib in Frameworks */,
				13983B221B6B601C00D44BF0 /* SystemConfiguration.framework in Frameworks */,
				13983B201B6B601500D44BF0 /* CoreTelephony.framework in Frameworks */,
				13983B1E1B6B600D00D44BF0 /* CFNetwork.framework in Frameworks */,
				13983B1C1B6B600600D44BF0 /* MobileCoreServices.framework in Frameworks */,
				13983B1A1B6B600000D44BF0 /* CoreGraphics.framework in Frameworks */,
				13983B181B6B5FF800D44BF0 /* Security.framework in Frameworks */,
				13983B161B6B5FF200D44BF0 /* CoreLocation.framework in Frameworks */,
				13983B0D1B6B5B9D00D44BF0 /* BmobIM.framework in Frameworks */,
				13983B0B1B6B5B8A00D44BF0 /* BmobSDK.framework in Frameworks */,
				13983B121B6B5BE400D44BF0 /* AlipaySDK.framework in Frameworks */,
				13983B141B6B5BE800D44BF0 /* BmobPay.framework in Frameworks */,
			);
			runOnlyForDeploymentPostprocessing = 0;
		};
		13983A391B6B261500D44BF0 /* Frameworks */ = {
			isa = PBXFrameworksBuildPhase;
			buildActionMask = 2147483647;
			files = (
			);
			runOnlyForDeploymentPostprocessing = 0;
		};
/* End PBXFrameworksBuildPhase section */

/* Begin PBXGroup section */
		136A920A1B6F3BD40064B541 /* Framework */ = {
			isa = PBXGroup;
			children = (
				13983B151B6B5FF200D44BF0 /* CoreLocation.framework */,
				13983B171B6B5FF800D44BF0 /* Security.framework */,
				13983B191B6B600000D44BF0 /* CoreGraphics.framework */,
				13983B1B1B6B600600D44BF0 /* MobileCoreServices.framework */,
				13983B1D1B6B600D00D44BF0 /* CFNetwork.framework */,
				13983B1F1B6B601500D44BF0 /* CoreTelephony.framework */,
				13983B211B6B601C00D44BF0 /* SystemConfiguration.framework */,
				13983B231B6B602A00D44BF0 /* libz.1.2.5.dylib */,
				13983B251B6B603200D44BF0 /* libicucore.dylib */,
				13983B271B6B603A00D44BF0 /* libsqlite3.dylib */,
				13983B291B6B604000D44BF0 /* AVFoundation.framework */,
				13983B2B1B6B604600D44BF0 /* MediaPlayer.framework */,
			);
			name = Framework;
			sourceTree = "<group>";
		};
		13983A1A1B6B261500D44BF0 = {
			isa = PBXGroup;
			children = (
				13983A251B6B261500D44BF0 /* QianShouBang */,
				13983A3F1B6B261500D44BF0 /* QianShouBangTests */,
				13983A241B6B261500D44BF0 /* Products */,
			);
			sourceTree = "<group>";
		};
		13983A241B6B261500D44BF0 /* Products */ = {
			isa = PBXGroup;
			children = (
				13983A231B6B261500D44BF0 /* QianShouBang.app */,
				13983A3C1B6B261500D44BF0 /* QianShouBangTests.xctest */,
			);
			name = Products;
			sourceTree = "<group>";
		};
		13983A251B6B261500D44BF0 /* QianShouBang */ = {
			isa = PBXGroup;
			children = (
				13983AE91B6B5A0A00D44BF0 /* NetWorkClass */,
				13983AE51B6B51AB00D44BF0 /* constants */,
				13983AE11B6B510E00D44BF0 /* 我的 */,
				13983AE01B6B510900D44BF0 /* 通讯录 */,
				13983ADF1B6B510300D44BF0 /* 呐喊 */,
				13983ADE1B6B50FE00D44BF0 /* 个人中心 */,
				13983ADD1B6B50B300D44BF0 /* 抢单 */,
				13983A571B6B3A9800D44BF0 /* BaseViewControllers */,
				13983A501B6B3A5F00D44BF0 /* ThirdPartClasses */,
				13983A2A1B6B261500D44BF0 /* AppDelegate.h */,
				13983A2B1B6B261500D44BF0 /* AppDelegate.m */,
				13983A301B6B261500D44BF0 /* Main.storyboard */,
				13983A331B6B261500D44BF0 /* Images.xcassets */,
				13983A351B6B261500D44BF0 /* LaunchScreen.xib */,
				136A920A1B6F3BD40064B541 /* Framework */,
				13983A261B6B261500D44BF0 /* Supporting Files */,
			);
			path = QianShouBang;
			sourceTree = "<group>";
		};
		13983A261B6B261500D44BF0 /* Supporting Files */ = {
			isa = PBXGroup;
			children = (
				13983A271B6B261500D44BF0 /* Info.plist */,
				13983A281B6B261500D44BF0 /* main.m */,
			);
			name = "Supporting Files";
			sourceTree = "<group>";
		};
		13983A3F1B6B261500D44BF0 /* QianShouBangTests */ = {
			isa = PBXGroup;
			children = (
				13983A421B6B261500D44BF0 /* QianShouBangTests.m */,
				13983A401B6B261500D44BF0 /* Supporting Files */,
			);
			path = QianShouBangTests;
			sourceTree = "<group>";
		};
		13983A401B6B261500D44BF0 /* Supporting Files */ = {
			isa = PBXGroup;
			children = (
				13983A411B6B261500D44BF0 /* Info.plist */,
			);
			name = "Supporting Files";
			sourceTree = "<group>";
		};
		13983A501B6B3A5F00D44BF0 /* ThirdPartClasses */ = {
			isa = PBXGroup;
			children = (
				13983B0E1B6B5BCC00D44BF0 /* BmobPay */,
				13983B0C1B6B5B9D00D44BF0 /* BmobIM.framework */,
				13983B0A1B6B5B8A00D44BF0 /* BmobSDK.framework */,
				13983AED1B6B5A6000D44BF0 /* AFNetworking */,
				13983AB81B6B478000D44BF0 /* MJRefresh */,
				13983A511B6B3A7300D44BF0 /* ProgressHUD */,
			);
			path = ThirdPartClasses;
			sourceTree = "<group>";
		};
		13983A511B6B3A7300D44BF0 /* ProgressHUD */ = {
			isa = PBXGroup;
			children = (
				13983A521B6B3A7300D44BF0 /* ProgressHUD.bundle */,
				13983A531B6B3A7300D44BF0 /* ProgressHUD.h */,
				13983A541B6B3A7300D44BF0 /* ProgressHUD.m */,
			);
			path = ProgressHUD;
			sourceTree = "<group>";
		};
		13983A571B6B3A9800D44BF0 /* BaseViewControllers */ = {
			isa = PBXGroup;
			children = (
				13983A581B6B3ABF00D44BF0 /* BaseViewController.h */,
				13983A591B6B3ABF00D44BF0 /* BaseViewController.m */,
				13983A5C1B6B3AE600D44BF0 /* BaseTableViewController.h */,
				13983A5D1B6B3AE600D44BF0 /* BaseTableViewController.m */,
			);
			path = BaseViewControllers;
			sourceTree = "<group>";
		};
		13983AB81B6B478000D44BF0 /* MJRefresh */ = {
			isa = PBXGroup;
			children = (
				13983AB91B6B478000D44BF0 /* MJRefresh.bundle */,
				13983ABA1B6B478000D44BF0 /* MJRefresh.h */,
				13983ABB1B6B478000D44BF0 /* MJRefreshComponent.h */,
				13983ABC1B6B478000D44BF0 /* MJRefreshComponent.m */,
				13983ABD1B6B478000D44BF0 /* MJRefreshConst.h */,
				13983ABE1B6B478000D44BF0 /* MJRefreshConst.m */,
				13983ABF1B6B478000D44BF0 /* MJRefreshFooter.h */,
				13983AC01B6B478000D44BF0 /* MJRefreshFooter.m */,
				13983AC11B6B478000D44BF0 /* MJRefreshGifFooter.h */,
				13983AC21B6B478000D44BF0 /* MJRefreshGifFooter.m */,
				13983AC31B6B478000D44BF0 /* MJRefreshGifHeader.h */,
				13983AC41B6B478000D44BF0 /* MJRefreshGifHeader.m */,
				13983AC51B6B478000D44BF0 /* MJRefreshHeader.h */,
				13983AC61B6B478000D44BF0 /* MJRefreshHeader.m */,
				13983AC71B6B478000D44BF0 /* MJRefreshLegendFooter.h */,
				13983AC81B6B478000D44BF0 /* MJRefreshLegendFooter.m */,
				13983AC91B6B478000D44BF0 /* MJRefreshLegendHeader.h */,
				13983ACA1B6B478000D44BF0 /* MJRefreshLegendHeader.m */,
				13983ACB1B6B478000D44BF0 /* UIScrollView+MJExtension.h */,
				13983ACC1B6B478000D44BF0 /* UIScrollView+MJExtension.m */,
				13983ACD1B6B478000D44BF0 /* UIScrollView+MJRefresh.h */,
				13983ACE1B6B478000D44BF0 /* UIScrollView+MJRefresh.m */,
				13983ACF1B6B478000D44BF0 /* UIView+MJExtension.h */,
				13983AD01B6B478000D44BF0 /* UIView+MJExtension.m */,
			);
			path = MJRefresh;
			sourceTree = "<group>";
		};
		13983ADD1B6B50B300D44BF0 /* 抢单 */ = {
			isa = PBXGroup;
			children = (
				13983AE21B6B513A00D44BF0 /* CatchOrderTVC.h */,
				13983AE31B6B513A00D44BF0 /* CatchOrderTVC.m */,
			);
			path = "抢单";
			sourceTree = "<group>";
		};
		13983ADE1B6B50FE00D44BF0 /* 个人中心 */ = {
			isa = PBXGroup;
			children = (
			);
			path = "个人中心";
			sourceTree = "<group>";
		};
		13983ADF1B6B510300D44BF0 /* 呐喊 */ = {
			isa = PBXGroup;
			children = (
			);
			path = "呐喊";
			sourceTree = "<group>";
		};
		13983AE01B6B510900D44BF0 /* 通讯录 */ = {
			isa = PBXGroup;
			children = (
			);
			path = "通讯录";
			sourceTree = "<group>";
		};
		13983AE11B6B510E00D44BF0 /* 我的 */ = {
			isa = PBXGroup;
			children = (
			);
			path = "我的";
			sourceTree = "<group>";
		};
		13983AE51B6B51AB00D44BF0 /* constants */ = {
			isa = PBXGroup;
			children = (
				13983AE61B6B51BD00D44BF0 /* Constants.h */,
			);
			path = constants;
			sourceTree = "<group>";
		};
		13983AE91B6B5A0A00D44BF0 /* NetWorkClass */ = {
			isa = PBXGroup;
			children = (
				13983AEA1B6B5A4400D44BF0 /* RequestCenter.h */,
				13983AEB1B6B5A4400D44BF0 /* RequestCenter.m */,
			);
			path = NetWorkClass;
			sourceTree = "<group>";
		};
		13983AED1B6B5A6000D44BF0 /* AFNetworking */ = {
			isa = PBXGroup;
			children = (
				13983AEE1B6B5A6000D44BF0 /* AFHTTPRequestOperation.h */,
				13983AEF1B6B5A6000D44BF0 /* AFHTTPRequestOperation.m */,
				13983AF01B6B5A6000D44BF0 /* AFHTTPRequestOperationManager.h */,
				13983AF11B6B5A6000D44BF0 /* AFHTTPRequestOperationManager.m */,
				13983AF21B6B5A6000D44BF0 /* AFHTTPSessionManager.h */,
				13983AF31B6B5A6000D44BF0 /* AFHTTPSessionManager.m */,
				13983AF41B6B5A6000D44BF0 /* AFNetworking.h */,
				13983AF51B6B5A6000D44BF0 /* AFNetworkReachabilityManager.h */,
				13983AF61B6B5A6000D44BF0 /* AFNetworkReachabilityManager.m */,
				13983AF71B6B5A6000D44BF0 /* AFSecurityPolicy.h */,
				13983AF81B6B5A6000D44BF0 /* AFSecurityPolicy.m */,
				13983AF91B6B5A6000D44BF0 /* AFURLConnectionOperation.h */,
				13983AFA1B6B5A6000D44BF0 /* AFURLConnectionOperation.m */,
				13983AFB1B6B5A6000D44BF0 /* AFURLRequestSerialization.h */,
				13983AFC1B6B5A6000D44BF0 /* AFURLRequestSerialization.m */,
				13983AFD1B6B5A6000D44BF0 /* AFURLResponseSerialization.h */,
				13983AFE1B6B5A6000D44BF0 /* AFURLResponseSerialization.m */,
				13983AFF1B6B5A6000D44BF0 /* AFURLSessionManager.h */,
				13983B001B6B5A6000D44BF0 /* AFURLSessionManager.m */,
			);
			path = AFNetworking;
			sourceTree = "<group>";
		};
		13983B0E1B6B5BCC00D44BF0 /* BmobPay */ = {
			isa = PBXGroup;
			children = (
				13983B131B6B5BE800D44BF0 /* BmobPay.framework */,
				13983B111B6B5BE400D44BF0 /* AlipaySDK.framework */,
				13983B0F1B6B5BDF00D44BF0 /* AlipaySDK.bundle */,
			);
			name = BmobPay;
			sourceTree = "<group>";
		};
/* End PBXGroup section */

/* Begin PBXNativeTarget section */
		13983A221B6B261500D44BF0 /* QianShouBang */ = {
			isa = PBXNativeTarget;
			buildConfigurationList = 13983A461B6B261500D44BF0 /* Build configuration list for PBXNativeTarget "QianShouBang" */;
			buildPhases = (
				13983A1F1B6B261500D44BF0 /* Sources */,
				13983A201B6B261500D44BF0 /* Frameworks */,
				13983A211B6B261500D44BF0 /* Resources */,
			);
			buildRules = (
			);
			dependencies = (
			);
			name = QianShouBang;
			productName = QianShouBang;
			productReference = 13983A231B6B261500D44BF0 /* QianShouBang.app */;
			productType = "com.apple.product-type.application";
		};
		13983A3B1B6B261500D44BF0 /* QianShouBangTests */ = {
			isa = PBXNativeTarget;
			buildConfigurationList = 13983A491B6B261500D44BF0 /* Build configuration list for PBXNativeTarget "QianShouBangTests" */;
			buildPhases = (
				13983A381B6B261500D44BF0 /* Sources */,
				13983A391B6B261500D44BF0 /* Frameworks */,
				13983A3A1B6B261500D44BF0 /* Resources */,
			);
			buildRules = (
			);
			dependencies = (
				13983A3E1B6B261500D44BF0 /* PBXTargetDependency */,
			);
			name = QianShouBangTests;
			productName = QianShouBangTests;
			productReference = 13983A3C1B6B261500D44BF0 /* QianShouBangTests.xctest */;
			productType = "com.apple.product-type.bundle.unit-test";
		};
/* End PBXNativeTarget section */

/* Begin PBXProject section */
		13983A1B1B6B261500D44BF0 /* Project object */ = {
			isa = PBXProject;
			attributes = {
				LastUpgradeCheck = 0630;
				ORGANIZATIONNAME = zhuhaikun;
				TargetAttributes = {
					13983A221B6B261500D44BF0 = {
						CreatedOnToolsVersion = 6.3.2;
					};
					13983A3B1B6B261500D44BF0 = {
						CreatedOnToolsVersion = 6.3.2;
						TestTargetID = 13983A221B6B261500D44BF0;
					};
				};
			};
			buildConfigurationList = 13983A1E1B6B261500D44BF0 /* Build configuration list for PBXProject "QianShouBang" */;
			compatibilityVersion = "Xcode 3.2";
			developmentRegion = English;
			hasScannedForEncodings = 0;
			knownRegions = (
				en,
				Base,
			);
			mainGroup = 13983A1A1B6B261500D44BF0;
			productRefGroup = 13983A241B6B261500D44BF0 /* Products */;
			projectDirPath = "";
			projectRoot = "";
			targets = (
				13983A221B6B261500D44BF0 /* QianShouBang */,
				13983A3B1B6B261500D44BF0 /* QianShouBangTests */,
			);
		};
/* End PBXProject section */

/* Begin PBXResourcesBuildPhase section */
		13983A211B6B261500D44BF0 /* Resources */ = {
			isa = PBXResourcesBuildPhase;
			buildActionMask = 2147483647;
			files = (
				13983B101B6B5BDF00D44BF0 /* AlipaySDK.bundle in Resources */,
				13983A551B6B3A7300D44BF0 /* ProgressHUD.bundle in Resources */,
				13983A321B6B261500D44BF0 /* Main.storyboard in Resources */,
				13983A371B6B261500D44BF0 /* LaunchScreen.xib in Resources */,
				13983AD11B6B478000D44BF0 /* MJRefresh.bundle in Resources */,
				13983A341B6B261500D44BF0 /* Images.xcassets in Resources */,
			);
			runOnlyForDeploymentPostprocessing = 0;
		};
		13983A3A1B6B261500D44BF0 /* Resources */ = {
			isa = PBXResourcesBuildPhase;
			buildActionMask = 2147483647;
			files = (
			);
			runOnlyForDeploymentPostprocessing = 0;
		};
/* End PBXResourcesBuildPhase section */

/* Begin PBXSourcesBuildPhase section */
		13983A1F1B6B261500D44BF0 /* Sources */ = {
			isa = PBXSourcesBuildPhase;
			buildActionMask = 2147483647;
			files = (
				13983AD31B6B478000D44BF0 /* MJRefreshConst.m in Sources */,
				13983AD91B6B478000D44BF0 /* MJRefreshLegendHeader.m in Sources */,
				13983B051B6B5A6000D44BF0 /* AFSecurityPolicy.m in Sources */,
				13983B021B6B5A6000D44BF0 /* AFHTTPRequestOperationManager.m in Sources */,
				13983B011B6B5A6000D44BF0 /* AFHTTPRequestOperation.m in Sources */,
				13983A5A1B6B3ABF00D44BF0 /* BaseViewController.m in Sources */,
				13983A2C1B6B261500D44BF0 /* AppDelegate.m in Sources */,
				13983A561B6B3A7300D44BF0 /* ProgressHUD.m in Sources */,
				13983AD41B6B478000D44BF0 /* MJRefreshFooter.m in Sources */,
				13983AD81B6B478000D44BF0 /* MJRefreshLegendFooter.m in Sources */,
				13983AE41B6B513A00D44BF0 /* CatchOrderTVC.m in Sources */,
				13983AD51B6B478000D44BF0 /* MJRefreshGifFooter.m in Sources */,
				13983ADA1B6B478000D44BF0 /* UIScrollView+MJExtension.m in Sources */,
				13983B031B6B5A6000D44BF0 /* AFHTTPSessionManager.m in Sources */,
				13983AD71B6B478000D44BF0 /* MJRefreshHeader.m in Sources */,
				13983AD21B6B478000D44BF0 /* MJRefreshComponent.m in Sources */,
				13983B061B6B5A6000D44BF0 /* AFURLConnectionOperation.m in Sources */,
				13983B071B6B5A6000D44BF0 /* AFURLRequestSerialization.m in Sources */,
				13983B091B6B5A6000D44BF0 /* AFURLSessionManager.m in Sources */,
				13983B081B6B5A6000D44BF0 /* AFURLResponseSerialization.m in Sources */,
				13983ADB1B6B478000D44BF0 /* UIScrollView+MJRefresh.m in Sources */,
				13983ADC1B6B478000D44BF0 /* UIView+MJExtension.m in Sources */,
				13983AEC1B6B5A4400D44BF0 /* RequestCenter.m in Sources */,
				13983A5E1B6B3AE600D44BF0 /* BaseTableViewController.m in Sources */,
				13983A291B6B261500D44BF0 /* main.m in Sources */,
				13983B041B6B5A6000D44BF0 /* AFNetworkReachabilityManager.m in Sources */,
				13983AD61B6B478000D44BF0 /* MJRefreshGifHeader.m in Sources */,
			);
			runOnlyForDeploymentPostprocessing = 0;
		};
		13983A381B6B261500D44BF0 /* Sources */ = {
			isa = PBXSourcesBuildPhase;
			buildActionMask = 2147483647;
			files = (
				13983A431B6B261500D44BF0 /* QianShouBangTests.m in Sources */,
			);
			runOnlyForDeploymentPostprocessing = 0;
		};
/* End PBXSourcesBuildPhase section */

/* Begin PBXTargetDependency section */
		13983A3E1B6B261500D44BF0 /* PBXTargetDependency */ = {
			isa = PBXTargetDependency;
			target = 13983A221B6B261500D44BF0 /* QianShouBang */;
			targetProxy = 13983A3D1B6B261500D44BF0 /* PBXContainerItemProxy */;
		};
/* End PBXTargetDependency section */

/* Begin PBXVariantGroup section */
		13983A301B6B261500D44BF0 /* Main.storyboard */ = {
			isa = PBXVariantGroup;
			children = (
				13983A311B6B261500D44BF0 /* Base */,
			);
			name = Main.storyboard;
			sourceTree = "<group>";
		};
		13983A351B6B261500D44BF0 /* LaunchScreen.xib */ = {
			isa = PBXVariantGroup;
			children = (
				13983A361B6B261500D44BF0 /* Base */,
			);
			name = LaunchScreen.xib;
			sourceTree = "<group>";
		};
/* End PBXVariantGroup section */

/* Begin XCBuildConfiguration section */
		13983A441B6B261500D44BF0 /* Debug */ = {
			isa = XCBuildConfiguration;
			buildSettings = {
				ALWAYS_SEARCH_USER_PATHS = NO;
				CLANG_CXX_LANGUAGE_STANDARD = "gnu++0x";
				CLANG_CXX_LIBRARY = "libc++";
				CLANG_ENABLE_MODULES = YES;
				CLANG_ENABLE_OBJC_ARC = YES;
				CLANG_WARN_BOOL_CONVERSION = YES;
				CLANG_WARN_CONSTANT_CONVERSION = YES;
				CLANG_WARN_DIRECT_OBJC_ISA_USAGE = YES_ERROR;
				CLANG_WARN_EMPTY_BODY = YES;
				CLANG_WARN_ENUM_CONVERSION = YES;
				CLANG_WARN_INT_CONVERSION = YES;
				CLANG_WARN_OBJC_ROOT_CLASS = YES_ERROR;
				CLANG_WARN_UNREACHABLE_CODE = YES;
				CLANG_WARN__DUPLICATE_METHOD_MATCH = YES;
				"CODE_SIGN_IDENTITY[sdk=iphoneos*]" = "iPhone Developer";
				COPY_PHASE_STRIP = NO;
				DEBUG_INFORMATION_FORMAT = "dwarf-with-dsym";
				ENABLE_STRICT_OBJC_MSGSEND = YES;
				GCC_C_LANGUAGE_STANDARD = gnu99;
				GCC_DYNAMIC_NO_PIC = NO;
				GCC_NO_COMMON_BLOCKS = YES;
				GCC_OPTIMIZATION_LEVEL = 0;
				GCC_PREPROCESSOR_DEFINITIONS = (
					"DEBUG=1",
					"$(inherited)",
				);
				GCC_SYMBOLS_PRIVATE_EXTERN = NO;
				GCC_WARN_64_TO_32_BIT_CONVERSION = YES;
				GCC_WARN_ABOUT_RETURN_TYPE = YES_ERROR;
				GCC_WARN_UNDECLARED_SELECTOR = YES;
				GCC_WARN_UNINITIALIZED_AUTOS = YES_AGGRESSIVE;
				GCC_WARN_UNUSED_FUNCTION = YES;
				GCC_WARN_UNUSED_VARIABLE = YES;
				IPHONEOS_DEPLOYMENT_TARGET = 8.3;
				MTL_ENABLE_DEBUG_INFO = YES;
				ONLY_ACTIVE_ARCH = NO;
				SDKROOT = iphoneos;
			};
			name = Debug;
		};
		13983A451B6B261500D44BF0 /* Release */ = {
			isa = XCBuildConfiguration;
			buildSettings = {
				ALWAYS_SEARCH_USER_PATHS = NO;
				CLANG_CXX_LANGUAGE_STANDARD = "gnu++0x";
				CLANG_CXX_LIBRARY = "libc++";
				CLANG_ENABLE_MODULES = YES;
				CLANG_ENABLE_OBJC_ARC = YES;
				CLANG_WARN_BOOL_CONVERSION = YES;
				CLANG_WARN_CONSTANT_CONVERSION = YES;
				CLANG_WARN_DIRECT_OBJC_ISA_USAGE = YES_ERROR;
				CLANG_WARN_EMPTY_BODY = YES;
				CLANG_WARN_ENUM_CONVERSION = YES;
				CLANG_WARN_INT_CONVERSION = YES;
				CLANG_WARN_OBJC_ROOT_CLASS = YES_ERROR;
				CLANG_WARN_UNREACHABLE_CODE = YES;
				CLANG_WARN__DUPLICATE_METHOD_MATCH = YES;
				"CODE_SIGN_IDENTITY[sdk=iphoneos*]" = "iPhone Developer";
				COPY_PHASE_STRIP = NO;
				DEBUG_INFORMATION_FORMAT = "dwarf-with-dsym";
				ENABLE_NS_ASSERTIONS = NO;
				ENABLE_STRICT_OBJC_MSGSEND = YES;
				GCC_C_LANGUAGE_STANDARD = gnu99;
				GCC_NO_COMMON_BLOCKS = YES;
				GCC_WARN_64_TO_32_BIT_CONVERSION = YES;
				GCC_WARN_ABOUT_RETURN_TYPE = YES_ERROR;
				GCC_WARN_UNDECLARED_SELECTOR = YES;
				GCC_WARN_UNINITIALIZED_AUTOS = YES_AGGRESSIVE;
				GCC_WARN_UNUSED_FUNCTION = YES;
				GCC_WARN_UNUSED_VARIABLE = YES;
				IPHONEOS_DEPLOYMENT_TARGET = 8.3;
				MTL_ENABLE_DEBUG_INFO = NO;
				SDKROOT = iphoneos;
				VALIDATE_PRODUCT = YES;
			};
			name = Release;
		};
		13983A471B6B261500D44BF0 /* Debug */ = {
			isa = XCBuildConfiguration;
			buildSettings = {
				ASSETCATALOG_COMPILER_APPICON_NAME = AppIcon;
				FRAMEWORK_SEARCH_PATHS = (
					"$(inherited)",
					"$(PROJECT_DIR)/QianShouBang/ThirdPartClasses",
				);
				INFOPLIST_FILE = QianShouBang/Info.plist;
				IPHONEOS_DEPLOYMENT_TARGET = 7.0;
				LD_RUNPATH_SEARCH_PATHS = "$(inherited) @executable_path/Frameworks";
				ONLY_ACTIVE_ARCH = NO;
				PRODUCT_NAME = "$(TARGET_NAME)";
			};
			name = Debug;
		};
		13983A481B6B261500D44BF0 /* Release */ = {
			isa = XCBuildConfiguration;
			buildSettings = {
				ASSETCATALOG_COMPILER_APPICON_NAME = AppIcon;
				FRAMEWORK_SEARCH_PATHS = (
					"$(inherited)",
					"$(PROJECT_DIR)/QianShouBang/ThirdPartClasses",
				);
				INFOPLIST_FILE = QianShouBang/Info.plist;
				IPHONEOS_DEPLOYMENT_TARGET = 7.0;
				LD_RUNPATH_SEARCH_PATHS = "$(inherited) @executable_path/Frameworks";
				PRODUCT_NAME = "$(TARGET_NAME)";
			};
			name = Release;
		};
		13983A4A1B6B261500D44BF0 /* Debug */ = {
			isa = XCBuildConfiguration;
			buildSettings = {
				BUNDLE_LOADER = "$(TEST_HOST)";
				FRAMEWORK_SEARCH_PATHS = (
					"$(SDKROOT)/Developer/Library/Frameworks",
					"$(inherited)",
				);
				GCC_PREPROCESSOR_DEFINITIONS = (
					"DEBUG=1",
					"$(inherited)",
				);
				INFOPLIST_FILE = QianShouBangTests/Info.plist;
				LD_RUNPATH_SEARCH_PATHS = "$(inherited) @executable_path/Frameworks @loader_path/Frameworks";
				PRODUCT_NAME = "$(TARGET_NAME)";
				TEST_HOST = "$(BUILT_PRODUCTS_DIR)/QianShouBang.app/QianShouBang";
			};
			name = Debug;
		};
		13983A4B1B6B261500D44BF0 /* Release */ = {
			isa = XCBuildConfiguration;
			buildSettings = {
				BUNDLE_LOADER = "$(TEST_HOST)";
				FRAMEWORK_SEARCH_PATHS = (
					"$(SDKROOT)/Developer/Library/Frameworks",
					"$(inherited)",
				);
				INFOPLIST_FILE = QianShouBangTests/Info.plist;
				LD_RUNPATH_SEARCH_PATHS = "$(inherited) @executable_path/Frameworks @loader_path/Frameworks";
				PRODUCT_NAME = "$(TARGET_NAME)";
				TEST_HOST = "$(BUILT_PRODUCTS_DIR)/QianShouBang.app/QianShouBang";
			};
			name = Release;
		};
/* End XCBuildConfiguration section */

/* Begin XCConfigurationList section */
		13983A1E1B6B261500D44BF0 /* Build configuration list for PBXProject "QianShouBang" */ = {
			isa = XCConfigurationList;
			buildConfigurations = (
				13983A441B6B261500D44BF0 /* Debug */,
				13983A451B6B261500D44BF0 /* Release */,
			);
			defaultConfigurationIsVisible = 0;
			defaultConfigurationName = Release;
		};
		13983A461B6B261500D44BF0 /* Build configuration list for PBXNativeTarget "QianShouBang" */ = {
			isa = XCConfigurationList;
			buildConfigurations = (
				13983A471B6B261500D44BF0 /* Debug */,
				13983A481B6B261500D44BF0 /* Release */,
			);
			defaultConfigurationIsVisible = 0;
			defaultConfigurationName = Release;
		};
		13983A491B6B261500D44BF0 /* Build configuration list for PBXNativeTarget "QianShouBangTests" */ = {
			isa = XCConfigurationList;
			buildConfigurations = (
				13983A4A1B6B261500D44BF0 /* Debug */,
				13983A4B1B6B261500D44BF0 /* Release */,
			);
			defaultConfigurationIsVisible = 0;
			defaultConfigurationName = Release;
		};
/* End XCConfigurationList section */
	};
	rootObject = 13983A1B1B6B261500D44BF0 /* Project object */;
}
